{
  "name": "RidesProjectV2",
  "lockfileVersion": 3,
  "requires": true,
  "packages": {
    "": {
      "dependencies": {
        "@ag-grid-community/styles": "^32.2.0"
      }
    },
    "node_modules/@ag-grid-community/styles": {
      "version": "32.2.0",
      "resolved": "https://registry.npmjs.org/@ag-grid-community/styles/-/styles-32.2.0.tgz",
      "integrity": "sha512-OYk8PRqv3WEiYGTamQ4G85hjI7gjmQzY51MtN2nuqlEqC/+lAeRavgPpQ3QCS2hDyRj0pjdaDgBMVMMz6SpDuw=="
    }
  }
}
